// !$*UTF8*$!
{
	archiveVersion = 1;
	classes = {
	};
	objectVersion = 56;
	objects = {

/* Begin PBXBuildFile section */
		B17798A629AF45B2006ED9DB /* ProgressBar.swift in Sources */ = {isa = PBXBuildFile; fileRef = B17798A529AF45B2006ED9DB /* ProgressBar.swift */; };
		B18F8C5429AFEEB9002699C2 /* LogView.swift in Sources */ = {isa = PBXBuildFile; fileRef = B18F8C5329AFEEB9002699C2 /* LogView.swift */; };
		B18F8C5629B00DCD002699C2 /* PhotoItem.swift in Sources */ = {isa = PBXBuildFile; fileRef = B18F8C5529B00DCD002699C2 /* PhotoItem.swift */; };
		B18F8C5829B013FE002699C2 /* FrameView.swift in Sources */ = {isa = PBXBuildFile; fileRef = B18F8C5729B013FE002699C2 /* FrameView.swift */; };
		B1A4071929AEFB1C00BF5048 /* NealApp.swift in Sources */ = {isa = PBXBuildFile; fileRef = B1A4071829AEFB1C00BF5048 /* NealApp.swift */; };
		B1A4071B29AEFB1C00BF5048 /* TabBar.swift in Sources */ = {isa = PBXBuildFile; fileRef = B1A4071A29AEFB1C00BF5048 /* TabBar.swift */; };
		B1A4071D29AEFB2800BF5048 /* Assets.xcassets in Resources */ = {isa = PBXBuildFile; fileRef = B1A4071C29AEFB2800BF5048 /* Assets.xcassets */; };
		B1A4072029AEFB2800BF5048 /* Preview Assets.xcassets in Resources */ = {isa = PBXBuildFile; fileRef = B1A4071F29AEFB2800BF5048 /* Preview Assets.xcassets */; };
		B1A4072A29AEFB2800BF5048 /* NealTests.swift in Sources */ = {isa = PBXBuildFile; fileRef = B1A4072929AEFB2800BF5048 /* NealTests.swift */; };
		B1A4073429AEFB2800BF5048 /* NealUITests.swift in Sources */ = {isa = PBXBuildFile; fileRef = B1A4073329AEFB2800BF5048 /* NealUITests.swift */; };
		B1A4073629AEFB2800BF5048 /* NealUITestsLaunchTests.swift in Sources */ = {isa = PBXBuildFile; fileRef = B1A4073529AEFB2800BF5048 /* NealUITestsLaunchTests.swift */; };
		B1E556DD29AF11B30005037C /* HomeView.swift in Sources */ = {isa = PBXBuildFile; fileRef = B1E556DC29AF11B30005037C /* HomeView.swift */; };
/* End PBXBuildFile section */

/* Begin PBXContainerItemProxy section */
		B1A4072629AEFB2800BF5048 /* PBXContainerItemProxy */ = {
			isa = PBXContainerItemProxy;
			containerPortal = B1A4070D29AEFB1C00BF5048 /* Project object */;
			proxyType = 1;
			remoteGlobalIDString = B1A4071429AEFB1C00BF5048;
			remoteInfo = Neal;
		};
		B1A4073029AEFB2800BF5048 /* PBXContainerItemProxy */ = {
			isa = PBXContainerItemProxy;
			containerPortal = B1A4070D29AEFB1C00BF5048 /* Project object */;
			proxyType = 1;
			remoteGlobalIDString = B1A4071429AEFB1C00BF5048;
			remoteInfo = Neal;
		};
/* End PBXContainerItemProxy section */

/* Begin PBXFileReference section */
		B17798A529AF45B2006ED9DB /* ProgressBar.swift */ = {isa = PBXFileReference; lastKnownFileType = sourcecode.swift; path = ProgressBar.swift; sourceTree = "<group>"; };
		B18F8C5329AFEEB9002699C2 /* LogView.swift */ = {isa = PBXFileReference; lastKnownFileType = sourcecode.swift; path = LogView.swift; sourceTree = "<group>"; };
		B18F8C5529B00DCD002699C2 /* PhotoItem.swift */ = {isa = PBXFileReference; lastKnownFileType = sourcecode.swift; path = PhotoItem.swift; sourceTree = "<group>"; };
		B18F8C5729B013FE002699C2 /* FrameView.swift */ = {isa = PBXFileReference; lastKnownFileType = sourcecode.swift; path = FrameView.swift; sourceTree = "<group>"; };
		B1A4071529AEFB1C00BF5048 /* Neal.app */ = {isa = PBXFileReference; explicitFileType = wrapper.application; includeInIndex = 0; path = Neal.app; sourceTree = BUILT_PRODUCTS_DIR; };
		B1A4071829AEFB1C00BF5048 /* NealApp.swift */ = {isa = PBXFileReference; lastKnownFileType = sourcecode.swift; path = NealApp.swift; sourceTree = "<group>"; };
		B1A4071A29AEFB1C00BF5048 /* TabBar.swift */ = {isa = PBXFileReference; lastKnownFileType = sourcecode.swift; path = TabBar.swift; sourceTree = "<group>"; };
		B1A4071C29AEFB2800BF5048 /* Assets.xcassets */ = {isa = PBXFileReference; lastKnownFileType = folder.assetcatalog; path = Assets.xcassets; sourceTree = "<group>"; };
		B1A4071F29AEFB2800BF5048 /* Preview Assets.xcassets */ = {isa = PBXFileReference; lastKnownFileType = folder.assetcatalog; path = "Preview Assets.xcassets"; sourceTree = "<group>"; };
		B1A4072529AEFB2800BF5048 /* NealTests.xctest */ = {isa = PBXFileReference; explicitFileType = wrapper.cfbundle; includeInIndex = 0; path = NealTests.xctest; sourceTree = BUILT_PRODUCTS_DIR; };
		B1A4072929AEFB2800BF5048 /* NealTests.swift */ = {isa = PBXFileReference; lastKnownFileType = sourcecode.swift; path = NealTests.swift; sourceTree = "<group>"; };
		B1A4072F29AEFB2800BF5048 /* NealUITests.xctest */ = {isa = PBXFileReference; explicitFileType = wrapper.cfbundle; includeInIndex = 0; path = NealUITests.xctest; sourceTree = BUILT_PRODUCTS_DIR; };
		B1A4073329AEFB2800BF5048 /* NealUITests.swift */ = {isa = PBXFileReference; lastKnownFileType = sourcecode.swift; path = NealUITests.swift; sourceTree = "<group>"; };
		B1A4073529AEFB2800BF5048 /* NealUITestsLaunchTests.swift */ = {isa = PBXFileReference; lastKnownFileType = sourcecode.swift; path = NealUITestsLaunchTests.swift; sourceTree = "<group>"; };
		B1E556DC29AF11B30005037C /* HomeView.swift */ = {isa = PBXFileReference; lastKnownFileType = sourcecode.swift; path = HomeView.swift; sourceTree = "<group>"; };
/* End PBXFileReference section */

/* Begin PBXFrameworksBuildPhase section */
		B1A4071229AEFB1C00BF5048 /* Frameworks */ = {
			isa = PBXFrameworksBuildPhase;
			buildActionMask = 2147483647;
			files = (
			);
			runOnlyForDeploymentPostprocessing = 0;
		};
		B1A4072229AEFB2800BF5048 /* Frameworks */ = {
			isa = PBXFrameworksBuildPhase;
			buildActionMask = 2147483647;
			files = (
			);
			runOnlyForDeploymentPostprocessing = 0;
		};
		B1A4072C29AEFB2800BF5048 /* Frameworks */ = {
			isa = PBXFrameworksBuildPhase;
			buildActionMask = 2147483647;
			files = (
			);
			runOnlyForDeploymentPostprocessing = 0;
		};
/* End PBXFrameworksBuildPhase section */

/* Begin PBXGroup section */
		B1A4070C29AEFB1C00BF5048 = {
			isa = PBXGroup;
			children = (
				B1A4071729AEFB1C00BF5048 /* Neal */,
				B1A4072829AEFB2800BF5048 /* NealTests */,
				B1A4073229AEFB2800BF5048 /* NealUITests */,
				B1A4071629AEFB1C00BF5048 /* Products */,
			);
			sourceTree = "<group>";
		};
		B1A4071629AEFB1C00BF5048 /* Products */ = {
			isa = PBXGroup;
			children = (
				B1A4071529AEFB1C00BF5048 /* Neal.app */,
				B1A4072529AEFB2800BF5048 /* NealTests.xctest */,
				B1A4072F29AEFB2800BF5048 /* NealUITests.xctest */,
			);
			name = Products;
			sourceTree = "<group>";
		};
		B1A4071729AEFB1C00BF5048 /* Neal */ = {
			isa = PBXGroup;
			children = (
				B1A4071829AEFB1C00BF5048 /* NealApp.swift */,
				B1A4071A29AEFB1C00BF5048 /* TabBar.swift */,
				B1E556DC29AF11B30005037C /* HomeView.swift */,
				B18F8C5529B00DCD002699C2 /* PhotoItem.swift */,
				B17798A529AF45B2006ED9DB /* ProgressBar.swift */,
				B18F8C5329AFEEB9002699C2 /* LogView.swift */,
				B18F8C5729B013FE002699C2 /* FrameView.swift */,
				B1A4071C29AEFB2800BF5048 /* Assets.xcassets */,
				B1A4071E29AEFB2800BF5048 /* Preview Content */,
			);
			path = Neal;
			sourceTree = "<group>";
		};
		B1A4071E29AEFB2800BF5048 /* Preview Content */ = {
			isa = PBXGroup;
			children = (
				B1A4071F29AEFB2800BF5048 /* Preview Assets.xcassets */,
			);
			path = "Preview Content";
			sourceTree = "<group>";
		};
		B1A4072829AEFB2800BF5048 /* NealTests */ = {
			isa = PBXGroup;
			children = (
				B1A4072929AEFB2800BF5048 /* NealTests.swift */,
			);
			path = NealTests;
			sourceTree = "<group>";
		};
		B1A4073229AEFB2800BF5048 /* NealUITests */ = {
			isa = PBXGroup;
			children = (
				B1A4073329AEFB2800BF5048 /* NealUITests.swift */,
				B1A4073529AEFB2800BF5048 /* NealUITestsLaunchTests.swift */,
			);
			path = NealUITests;
			sourceTree = "<group>";
		};
/* End PBXGroup section */

/* Begin PBXNativeTarget section */
		B1A4071429AEFB1C00BF5048 /* Neal */ = {
			isa = PBXNativeTarget;
			buildConfigurationList = B1A4073929AEFB2800BF5048 /* Build configuration list for PBXNativeTarget "Neal" */;
			buildPhases = (
				B1A4071129AEFB1C00BF5048 /* Sources */,
				B1A4071229AEFB1C00BF5048 /* Frameworks */,
				B1A4071329AEFB1C00BF5048 /* Resources */,
			);
			buildRules = (
			);
			dependencies = (
			);
			name = Neal;
			productName = Neal;
			productReference = B1A4071529AEFB1C00BF5048 /* Neal.app */;
			productType = "com.apple.product-type.application";
		};
		B1A4072429AEFB2800BF5048 /* NealTests */ = {
			isa = PBXNativeTarget;
			buildConfigurationList = B1A4073C29AEFB2800BF5048 /* Build configuration list for PBXNativeTarget "NealTests" */;
			buildPhases = (
				B1A4072129AEFB2800BF5048 /* Sources */,
				B1A4072229AEFB2800BF5048 /* Frameworks */,
				B1A4072329AEFB2800BF5048 /* Resources */,
			);
			buildRules = (
			);
			dependencies = (
				B1A4072729AEFB2800BF5048 /* PBXTargetDependency */,
			);
			name = NealTests;
			productName = NealTests;
			productReference = B1A4072529AEFB2800BF5048 /* NealTests.xctest */;
			productType = "com.apple.product-type.bundle.unit-test";
		};
		B1A4072E29AEFB2800BF5048 /* NealUITests */ = {
			isa = PBXNativeTarget;
			buildConfigurationList = B1A4073F29AEFB2800BF5048 /* Build configuration list for PBXNativeTarget "NealUITests" */;
			buildPhases = (
				B1A4072B29AEFB2800BF5048 /* Sources */,
				B1A4072C29AEFB2800BF5048 /* Frameworks */,
				B1A4072D29AEFB2800BF5048 /* Resources */,
			);
			buildRules = (
			);
			dependencies = (
				B1A4073129AEFB2800BF5048 /* PBXTargetDependency */,
			);
			name = NealUITests;
			productName = NealUITests;
			productReference = B1A4072F29AEFB2800BF5048 /* NealUITests.xctest */;
			productType = "com.apple.product-type.bundle.ui-testing";
		};
/* End PBXNativeTarget section */

/* Begin PBXProject section */
		B1A4070D29AEFB1C00BF5048 /* Project object */ = {
			isa = PBXProject;
			attributes = {
				BuildIndependentTargetsInParallel = 1;
				LastSwiftUpdateCheck = 1400;
				LastUpgradeCheck = 1400;
				TargetAttributes = {
					B1A4071429AEFB1C00BF5048 = {
						CreatedOnToolsVersion = 14.0.1;
					};
					B1A4072429AEFB2800BF5048 = {
						CreatedOnToolsVersion = 14.0.1;
						TestTargetID = B1A4071429AEFB1C00BF5048;
					};
					B1A4072E29AEFB2800BF5048 = {
						CreatedOnToolsVersion = 14.0.1;
						TestTargetID = B1A4071429AEFB1C00BF5048;
					};
				};
			};
			buildConfigurationList = B1A4071029AEFB1C00BF5048 /* Build configuration list for PBXProject "Neal" */;
			compatibilityVersion = "Xcode 14.0";
			developmentRegion = en;
			hasScannedForEncodings = 0;
			knownRegions = (
				en,
				Base,
			);
			mainGroup = B1A4070C29AEFB1C00BF5048;
			productRefGroup = B1A4071629AEFB1C00BF5048 /* Products */;
			projectDirPath = "";
			projectRoot = "";
			targets = (
				B1A4071429AEFB1C00BF5048 /* Neal */,
				B1A4072429AEFB2800BF5048 /* NealTests */,
				B1A4072E29AEFB2800BF5048 /* NealUITests */,
			);
		};
/* End PBXProject section */

/* Begin PBXResourcesBuildPhase section */
		B1A4071329AEFB1C00BF5048 /* Resources */ = {
			isa = PBXResourcesBuildPhase;
			buildActionMask = 2147483647;
			files = (
				B1A4072029AEFB2800BF5048 /* Preview Assets.xcassets in Resources */,
				B1A4071D29AEFB2800BF5048 /* Assets.xcassets in Resources */,
			);
			runOnlyForDeploymentPostprocessing = 0;
		};
		B1A4072329AEFB2800BF5048 /* Resources */ = {
			isa = PBXResourcesBuildPhase;
			buildActionMask = 2147483647;
			files = (
			);
			runOnlyForDeploymentPostprocessing = 0;
		};
		B1A4072D29AEFB2800BF5048 /* Resources */ = {
			isa = PBXResourcesBuildPhase;
			buildActionMask = 2147483647;
			files = (
			);
			runOnlyForDeploymentPostprocessing = 0;
		};
/* End PBXResourcesBuildPhase section */

/* Begin PBXSourcesBuildPhase section */
		B1A4071129AEFB1C00BF5048 /* Sources */ = {
			isa = PBXSourcesBuildPhase;
			buildActionMask = 2147483647;
			files = (
				B1A4071B29AEFB1C00BF5048 /* TabBar.swift in Sources */,
				B1A4071929AEFB1C00BF5048 /* NealApp.swift in Sources */,
				B17798A629AF45B2006ED9DB /* ProgressBar.swift in Sources */,
				B18F8C5429AFEEB9002699C2 /* LogView.swift in Sources */,
				B1E556DD29AF11B30005037C /* HomeView.swift in Sources */,
				B18F8C5829B013FE002699C2 /* FrameView.swift in Sources */,
				B18F8C5629B00DCD002699C2 /* PhotoItem.swift in Sources */,
			);
			runOnlyForDeploymentPostprocessing = 0;
		};
		B1A4072129AEFB2800BF5048 /* Sources */ = {
			isa = PBXSourcesBuildPhase;
			buildActionMask = 2147483647;
			files = (
				B1A4072A29AEFB2800BF5048 /* NealTests.swift in Sources */,
			);
			runOnlyForDeploymentPostprocessing = 0;
		};
		B1A4072B29AEFB2800BF5048 /* Sources */ = {
			isa = PBXSourcesBuildPhase;
			buildActionMask = 2147483647;
			files = (
				B1A4073629AEFB2800BF5048 /* NealUITestsLaunchTests.swift in Sources */,
				B1A4073429AEFB2800BF5048 /* NealUITests.swift in Sources */,
			);
			runOnlyForDeploymentPostprocessing = 0;
		};
/* End PBXSourcesBuildPhase section */

/* Begin PBXTargetDependency section */
		B1A4072729AEFB2800BF5048 /* PBXTargetDependency */ = {
			isa = PBXTargetDependency;
			target = B1A4071429AEFB1C00BF5048 /* Neal */;
			targetProxy = B1A4072629AEFB2800BF5048 /* PBXContainerItemProxy */;
		};
		B1A4073129AEFB2800BF5048 /* PBXTargetDependency */ = {
			isa = PBXTargetDependency;
			target = B1A4071429AEFB1C00BF5048 /* Neal */;
			targetProxy = B1A4073029AEFB2800BF5048 /* PBXContainerItemProxy */;
		};
/* End PBXTargetDependency section */

/* Begin XCBuildConfiguration section */
		B1A4073729AEFB2800BF5048 /* Debug */ = {
			isa = XCBuildConfiguration;
			buildSettings = {
				ALWAYS_SEARCH_USER_PATHS = NO;
				CLANG_ANALYZER_NONNULL = YES;
				CLANG_ANALYZER_NUMBER_OBJECT_CONVERSION = YES_AGGRESSIVE;
				CLANG_CXX_LANGUAGE_STANDARD = "gnu++20";
				CLANG_ENABLE_MODULES = YES;
				CLANG_ENABLE_OBJC_ARC = YES;
				CLANG_ENABLE_OBJC_WEAK = YES;
				CLANG_WARN_BLOCK_CAPTURE_AUTORELEASING = YES;
				CLANG_WARN_BOOL_CONVERSION = YES;
				CLANG_WARN_COMMA = YES;
				CLANG_WARN_CONSTANT_CONVERSION = YES;
				CLANG_WARN_DEPRECATED_OBJC_IMPLEMENTATIONS = YES;
				CLANG_WARN_DIRECT_OBJC_ISA_USAGE = YES_ERROR;
				CLANG_WARN_DOCUMENTATION_COMMENTS = YES;
				CLANG_WARN_EMPTY_BODY = YES;
				CLANG_WARN_ENUM_CONVERSION = YES;
				CLANG_WARN_INFINITE_RECURSION = YES;
				CLANG_WARN_INT_CONVERSION = YES;
				CLANG_WARN_NON_LITERAL_NULL_CONVERSION = YES;
				CLANG_WARN_OBJC_IMPLICIT_RETAIN_SELF = YES;
				CLANG_WARN_OBJC_LITERAL_CONVERSION = YES;
				CLANG_WARN_OBJC_ROOT_CLASS = YES_ERROR;
				CLANG_WARN_QUOTED_INCLUDE_IN_FRAMEWORK_HEADER = YES;
				CLANG_WARN_RANGE_LOOP_ANALYSIS = YES;
				CLANG_WARN_STRICT_PROTOTYPES = YES;
				CLANG_WARN_SUSPICIOUS_MOVE = YES;
				CLANG_WARN_UNGUARDED_AVAILABILITY = YES_AGGRESSIVE;
				CLANG_WARN_UNREACHABLE_CODE = YES;
				CLANG_WARN__DUPLICATE_METHOD_MATCH = YES;
				COPY_PHASE_STRIP = NO;
				DEBUG_INFORMATION_FORMAT = dwarf;
				ENABLE_STRICT_OBJC_MSGSEND = YES;
				ENABLE_TESTABILITY = YES;
				GCC_C_LANGUAGE_STANDARD = gnu11;
				GCC_DYNAMIC_NO_PIC = NO;
				GCC_NO_COMMON_BLOCKS = YES;
				GCC_OPTIMIZATION_LEVEL = 0;
				GCC_PREPROCESSOR_DEFINITIONS = (
					"DEBUG=1",
					"$(inherited)",
				);
				GCC_WARN_64_TO_32_BIT_CONVERSION = YES;
				GCC_WARN_ABOUT_RETURN_TYPE = YES_ERROR;
				GCC_WARN_UNDECLARED_SELECTOR = YES;
				GCC_WARN_UNINITIALIZED_AUTOS = YES_AGGRESSIVE;
				GCC_WARN_UNUSED_FUNCTION = YES;
				GCC_WARN_UNUSED_VARIABLE = YES;
				IPHONEOS_DEPLOYMENT_TARGET = 16.0;
				MTL_ENABLE_DEBUG_INFO = INCLUDE_SOURCE;
				MTL_FAST_MATH = YES;
				ONLY_ACTIVE_ARCH = YES;
				SDKROOT = iphoneos;
				SWIFT_ACTIVE_COMPILATION_CONDITIONS = DEBUG;
				SWIFT_OPTIMIZATION_LEVEL = "-Onone";
			};
			name = Debug;
		};
		B1A4073829AEFB2800BF5048 /* Release */ = {
			isa = XCBuildConfiguration;
			buildSettings = {
				ALWAYS_SEARCH_USER_PATHS = NO;
				CLANG_ANALYZER_NONNULL = YES;
				CLANG_ANALYZER_NUMBER_OBJECT_CONVERSION = YES_AGGRESSIVE;
				CLANG_CXX_LANGUAGE_STANDARD = "gnu++20";
				CLANG_ENABLE_MODULES = YES;
				CLANG_ENABLE_OBJC_ARC = YES;
				CLANG_ENABLE_OBJC_WEAK = YES;
				CLANG_WARN_BLOCK_CAPTURE_AUTORELEASING = YES;
				CLANG_WARN_BOOL_CONVERSION = YES;
				CLANG_WARN_COMMA = YES;
				CLANG_WARN_CONSTANT_CONVERSION = YES;
				CLANG_WARN_DEPRECATED_OBJC_IMPLEMENTATIONS = YES;
				CLANG_WARN_DIRECT_OBJC_ISA_USAGE = YES_ERROR;
				CLANG_WARN_DOCUMENTATION_COMMENTS = YES;
				CLANG_WARN_EMPTY_BODY = YES;
				CLANG_WARN_ENUM_CONVERSION = YES;
				CLANG_WARN_INFINITE_RECURSION = YES;
				CLANG_WARN_INT_CONVERSION = YES;
				CLANG_WARN_NON_LITERAL_NULL_CONVERSION = YES;
				CLANG_WARN_OBJC_IMPLICIT_RETAIN_SELF = YES;
				CLANG_WARN_OBJC_LITERAL_CONVERSION = YES;
				CLANG_WARN_OBJC_ROOT_CLASS = YES_ERROR;
				CLANG_WARN_QUOTED_INCLUDE_IN_FRAMEWORK_HEADER = YES;
				CLANG_WARN_RANGE_LOOP_ANALYSIS = YES;
				CLANG_WARN_STRICT_PROTOTYPES = YES;
				CLANG_WARN_SUSPICIOUS_MOVE = YES;
				CLANG_WARN_UNGUARDED_AVAILABILITY = YES_AGGRESSIVE;
				CLANG_WARN_UNREACHABLE_CODE = YES;
				CLANG_WARN__DUPLICATE_METHOD_MATCH = YES;
				COPY_PHASE_STRIP = NO;
				DEBUG_INFORMATION_FORMAT = "dwarf-with-dsym";
				ENABLE_NS_ASSERTIONS = NO;
				ENABLE_STRICT_OBJC_MSGSEND = YES;
				GCC_C_LANGUAGE_STANDARD = gnu11;
				GCC_NO_COMMON_BLOCKS = YES;
				GCC_WARN_64_TO_32_BIT_CONVERSION = YES;
				GCC_WARN_ABOUT_RETURN_TYPE = YES_ERROR;
				GCC_WARN_UNDECLARED_SELECTOR = YES;
				GCC_WARN_UNINITIALIZED_AUTOS = YES_AGGRESSIVE;
				GCC_WARN_UNUSED_FUNCTION = YES;
				GCC_WARN_UNUSED_VARIABLE = YES;
				IPHONEOS_DEPLOYMENT_TARGET = 16.0;
				MTL_ENABLE_DEBUG_INFO = NO;
				MTL_FAST_MATH = YES;
				SDKROOT = iphoneos;
				SWIFT_COMPILATION_MODE = wholemodule;
				SWIFT_OPTIMIZATION_LEVEL = "-O";
				VALIDATE_PRODUCT = YES;
			};
			name = Release;
		};
		B1A4073A29AEFB2800BF5048 /* Debug */ = {
			isa = XCBuildConfiguration;
			buildSettings = {
				ASSETCATALOG_COMPILER_APPICON_NAME = AppIcon;
				ASSETCATALOG_COMPILER_GLOBAL_ACCENT_COLOR_NAME = AccentColor;
				CODE_SIGN_STYLE = Automatic;
				CURRENT_PROJECT_VERSION = 1;
				DEVELOPMENT_ASSET_PATHS = "\"Neal/Preview Content\"";
				DEVELOPMENT_TEAM = 3TAF66J8BX;
				ENABLE_PREVIEWS = YES;
				GENERATE_INFOPLIST_FILE = YES;
				INFOPLIST_KEY_UIApplicationSceneManifest_Generation = YES;
				INFOPLIST_KEY_UIApplicationSupportsIndirectInputEvents = YES;
				INFOPLIST_KEY_UILaunchScreen_Generation = YES;
				INFOPLIST_KEY_UISupportedInterfaceOrientations_iPad = "UIInterfaceOrientationPortrait UIInterfaceOrientationPortraitUpsideDown UIInterfaceOrientationLandscapeLeft UIInterfaceOrientationLandscapeRight";
				INFOPLIST_KEY_UISupportedInterfaceOrientations_iPhone = "UIInterfaceOrientationPortrait UIInterfaceOrientationLandscapeLeft UIInterfaceOrientationLandscapeRight";
				LD_RUNPATH_SEARCH_PATHS = (
					"$(inherited)",
					"@executable_path/Frameworks",
				);
				MARKETING_VERSION = 1.0;
				PRODUCT_BUNDLE_IDENTIFIER = cy3zhu.Neal;
				PRODUCT_NAME = "$(TARGET_NAME)";
				SWIFT_EMIT_LOC_STRINGS = YES;
				SWIFT_VERSION = 5.0;
				TARGETED_DEVICE_FAMILY = "1,2";
			};
			name = Debug;
		};
		B1A4073B29AEFB2800BF5048 /* Release */ = {
			isa = XCBuildConfiguration;
			buildSettings = {
				ASSETCATALOG_COMPILER_APPICON_NAME = AppIcon;
				ASSETCATALOG_COMPILER_GLOBAL_ACCENT_COLOR_NAME = AccentColor;
				CODE_SIGN_STYLE = Automatic;
				CURRENT_PROJECT_VERSION = 1;
				DEVELOPMENT_ASSET_PATHS = "\"Neal/Preview Content\"";
				DEVELOPMENT_TEAM = 3TAF66J8BX;
				ENABLE_PREVIEWS = YES;
				GENERATE_INFOPLIST_FILE = YES;
				INFOPLIST_KEY_UIApplicationSceneManifest_Generation = YES;
				INFOPLIST_KEY_UIApplicationSupportsIndirectInputEvents = YES;
				INFOPLIST_KEY_UILaunchScreen_Generation = YES;
				INFOPLIST_KEY_UISupportedInterfaceOrientations_iPad = "UIInterfaceOrientationPortrait UIInterfaceOrientationPortraitUpsideDown UIInterfaceOrientationLandscapeLeft UIInterfaceOrientationLandscapeRight";
				INFOPLIST_KEY_UISupportedInterfaceOrientations_iPhone = "UIInterfaceOrientationPortrait UIInterfaceOrientationLandscapeLeft UIInterfaceOrientationLandscapeRight";
				LD_RUNPATH_SEARCH_PATHS = (
					"$(inherited)",
					"@executable_path/Frameworks",
				);
				MARKETING_VERSION = 1.0;
				PRODUCT_BUNDLE_IDENTIFIER = cy3zhu.Neal;
				PRODUCT_NAME = "$(TARGET_NAME)";
				SWIFT_EMIT_LOC_STRINGS = YES;
				SWIFT_VERSION = 5.0;
				TARGETED_DEVICE_FAMILY = "1,2";
			};
			name = Release;
		};
		B1A4073D29AEFB2800BF5048 /* Debug */ = {
			isa = XCBuildConfiguration;
			buildSettings = {
				ALWAYS_EMBED_SWIFT_STANDARD_LIBRARIES = YES;
				BUNDLE_LOADER = "$(TEST_HOST)";
				CODE_SIGN_STYLE = Automatic;
				CURRENT_PROJECT_VERSION = 1;
				DEVELOPMENT_TEAM = 3TAF66J8BX;
				GENERATE_INFOPLIST_FILE = YES;
				IPHONEOS_DEPLOYMENT_TARGET = 16.0;
				MARKETING_VERSION = 1.0;
				PRODUCT_BUNDLE_IDENTIFIER = cy3zhu.NealTests;
				PRODUCT_NAME = "$(TARGET_NAME)";
				SWIFT_EMIT_LOC_STRINGS = NO;
				SWIFT_VERSION = 5.0;
				TARGETED_DEVICE_FAMILY = "1,2";
				TEST_HOST = "$(BUILT_PRODUCTS_DIR)/Neal.app/$(BUNDLE_EXECUTABLE_FOLDER_PATH)/Neal";
			};
			name = Debug;
		};
		B1A4073E29AEFB2800BF5048 /* Release */ = {
			isa = XCBuildConfiguration;
			buildSettings = {
				ALWAYS_EMBED_SWIFT_STANDARD_LIBRARIES = YES;
				BUNDLE_LOADER = "$(TEST_HOST)";
				CODE_SIGN_STYLE = Automatic;
				CURRENT_PROJECT_VERSION = 1;
				DEVELOPMENT_TEAM = 3TAF66J8BX;
				GENERATE_INFOPLIST_FILE = YES;
				IPHONEOS_DEPLOYMENT_TARGET = 16.0;
				MARKETING_VERSION = 1.0;
				PRODUCT_BUNDLE_IDENTIFIER = cy3zhu.NealTests;
				PRODUCT_NAME = "$(TARGET_NAME)";
				SWIFT_EMIT_LOC_STRINGS = NO;
				SWIFT_VERSION = 5.0;
				TARGETED_DEVICE_FAMILY = "1,2";
				TEST_HOST = "$(BUILT_PRODUCTS_DIR)/Neal.app/$(BUNDLE_EXECUTABLE_FOLDER_PATH)/Neal";
			};
			name = Release;
		};
		B1A4074029AEFB2800BF5048 /* Debug */ = {
			isa = XCBuildConfiguration;
			buildSettings = {
				ALWAYS_EMBED_SWIFT_STANDARD_LIBRARIES = YES;
				CODE_SIGN_STYLE = Automatic;
				CURRENT_PROJECT_VERSION = 1;
				DEVELOPMENT_TEAM = 3TAF66J8BX;
				GENERATE_INFOPLIST_FILE = YES;
				MARKETING_VERSION = 1.0;
				PRODUCT_BUNDLE_IDENTIFIER = cy3zhu.NealUITests;
				PRODUCT_NAME = "$(TARGET_NAME)";
				SWIFT_EMIT_LOC_STRINGS = NO;
				SWIFT_VERSION = 5.0;
				TARGETED_DEVICE_FAMILY = "1,2";
				TEST_TARGET_NAME = Neal;
			};
			name = Debug;
		};
		B1A4074129AEFB2800BF5048 /* Release */ = {
			isa = XCBuildConfiguration;
			buildSettings = {
				ALWAYS_EMBED_SWIFT_STANDARD_LIBRARIES = YES;
				CODE_SIGN_STYLE = Automatic;
				CURRENT_PROJECT_VERSION = 1;
				DEVELOPMENT_TEAM = 3TAF66J8BX;
				GENERATE_INFOPLIST_FILE = YES;
				MARKETING_VERSION = 1.0;
				PRODUCT_BUNDLE_IDENTIFIER = cy3zhu.NealUITests;
				PRODUCT_NAME = "$(TARGET_NAME)";
				SWIFT_EMIT_LOC_STRINGS = NO;
				SWIFT_VERSION = 5.0;
				TARGETED_DEVICE_FAMILY = "1,2";
				TEST_TARGET_NAME = Neal;
			};
			name = Release;
		};
/* End XCBuildConfiguration section */

/* Begin XCConfigurationList section */
		B1A4071029AEFB1C00BF5048 /* Build configuration list for PBXProject "Neal" */ = {
			isa = XCConfigurationList;
			buildConfigurations = (
				B1A4073729AEFB2800BF5048 /* Debug */,
				B1A4073829AEFB2800BF5048 /* Release */,
			);
			defaultConfigurationIsVisible = 0;
			defaultConfigurationName = Release;
		};
		B1A4073929AEFB2800BF5048 /* Build configuration list for PBXNativeTarget "Neal" */ = {
			isa = XCConfigurationList;
			buildConfigurations = (
				B1A4073A29AEFB2800BF5048 /* Debug */,
				B1A4073B29AEFB2800BF5048 /* Release */,
			);
			defaultConfigurationIsVisible = 0;
			defaultConfigurationName = Release;
		};
		B1A4073C29AEFB2800BF5048 /* Build configuration list for PBXNativeTarget "NealTests" */ = {
			isa = XCConfigurationList;
			buildConfigurations = (
				B1A4073D29AEFB2800BF5048 /* Debug */,
				B1A4073E29AEFB2800BF5048 /* Release */,
			);
			defaultConfigurationIsVisible = 0;
			defaultConfigurationName = Release;
		};
		B1A4073F29AEFB2800BF5048 /* Build configuration list for PBXNativeTarget "NealUITests" */ = {
			isa = XCConfigurationList;
			buildConfigurations = (
				B1A4074029AEFB2800BF5048 /* Debug */,
				B1A4074129AEFB2800BF5048 /* Release */,
			);
			defaultConfigurationIsVisible = 0;
			defaultConfigurationName = Release;
		};
/* End XCConfigurationList section */
	};
	rootObject = B1A4070D29AEFB1C00BF5048 /* Project object */;
}
